
Microsoft Visual Studio Solution File, Format Version 12.00
# Visual Studio Version 17
VisualStudioVersion = 17.3.32929.385
MinimumVisualStudioVersion = 10.0.40219.1
Project("{9A19103F-16F7-4668-BE54-9A1E7A4F7556}") = "RevitTemplateWeb2021", "RevitTemplateWeb2021\RevitTemplateWeb2021.csproj", "{639903C9-6F17-434E-9FCA-6CA9C1E6DF51}"
EndProject
Project("{9A19103F-16F7-4668-BE54-9A1E7A4F7556}") = "RevitTemplateWeb2022", "RevitTemplateWeb2022\RevitTemplateWeb2022.csproj", "{FEB5512D-8A03-4BC4-8628-6251CFD45EC3}"
EndProject
Project("{9A19103F-16F7-4668-BE54-9A1E7A4F7556}") = "RevitTemplateWeb2023", "RevitTemplateWeb2023\RevitTemplateWeb2023.csproj", "{ACAB9DB0-EB07-4E37-9150-7BCE60130AAB}"
EndProject
Project("{D954291E-2A0B-460D-934E-DC6B0785DB48}") = "RevitTemplateWebShared", "RevitTemplateWebShared\RevitTemplateWebShared.shproj", "{4F610BF5-201E-4193-B3F5-6424CD53E46C}"
EndProject
Project("{FAE04EC0-301F-11D3-BF4B-00C04F79EFBC}") = "RevitTemplateWeb.Core", "RevitTemplateWeb.Core\RevitTemplateWeb.Core.csproj", "{7B4149E9-4792-489B-8F0C-EE5DB43E83AD}"
EndProject
Project("{2150E333-8FDC-42A3-9474-1A3956D46DE8}") = "RevitVersions", "RevitVersions", "{39D5EDAF-7D60-4A03-950D-867EA7175706}"
EndProject
Project("{9A19103F-16F7-4668-BE54-9A1E7A4F7556}") = "RevitTemplateWeb.UI", "RevitTemplateWeb.UI\RevitTemplateWeb.UI.csproj", "{8455C2A6-FD57-4F88-AC87-54636448C550}"
EndProject
Project("{9A19103F-16F7-4668-BE54-9A1E7A4F7556}") = "_build", "build\_build.csproj", "{A8EA5B4C-A16A-4E33-A02A-0A621730F694}"
EndProject
Global
	GlobalSection(SolutionConfigurationPlatforms) = preSolution
		2021|Any CPU = 2021|Any CPU
		2022|Any CPU = 2022|Any CPU
		2023|Any CPU = 2023|Any CPU
		Debug|Any CPU = Debug|Any CPU
		Release|Any CPU = Release|Any CPU
	EndGlobalSection
	GlobalSection(ProjectConfigurationPlatforms) = postSolution
		{639903C9-6F17-434E-9FCA-6CA9C1E6DF51}.2021|Any CPU.ActiveCfg = 2021|x64
		{639903C9-6F17-434E-9FCA-6CA9C1E6DF51}.2021|Any CPU.Build.0 = 2021|x64
		{639903C9-6F17-434E-9FCA-6CA9C1E6DF51}.2022|Any CPU.ActiveCfg = 2021|x64
		{639903C9-6F17-434E-9FCA-6CA9C1E6DF51}.2023|Any CPU.ActiveCfg = 2021|x64
		{639903C9-6F17-434E-9FCA-6CA9C1E6DF51}.Debug|Any CPU.ActiveCfg = 2021|x64
		{639903C9-6F17-434E-9FCA-6CA9C1E6DF51}.Debug|Any CPU.Build.0 = 2021|x64
		{639903C9-6F17-434E-9FCA-6CA9C1E6DF51}.Release|Any CPU.ActiveCfg = Release|x64
		{639903C9-6F17-434E-9FCA-6CA9C1E6DF51}.Release|Any CPU.Build.0 = Release|x64
		{FEB5512D-8A03-4BC4-8628-6251CFD45EC3}.2021|Any CPU.ActiveCfg = 2021|x64
		{FEB5512D-8A03-4BC4-8628-6251CFD45EC3}.2022|Any CPU.ActiveCfg = 2022|x64
		{FEB5512D-8A03-4BC4-8628-6251CFD45EC3}.2022|Any CPU.Build.0 = 2022|x64
		{FEB5512D-8A03-4BC4-8628-6251CFD45EC3}.2023|Any CPU.ActiveCfg = 2022|x64
		{FEB5512D-8A03-4BC4-8628-6251CFD45EC3}.Debug|Any CPU.ActiveCfg = 2022|x64
		{FEB5512D-8A03-4BC4-8628-6251CFD45EC3}.Debug|Any CPU.Build.0 = 2022|x64
		{FEB5512D-8A03-4BC4-8628-6251CFD45EC3}.Release|Any CPU.ActiveCfg = Release|x64
		{FEB5512D-8A03-4BC4-8628-6251CFD45EC3}.Release|Any CPU.Build.0 = Release|x64
		{ACAB9DB0-EB07-4E37-9150-7BCE60130AAB}.2021|Any CPU.ActiveCfg = 2021|x64
		{ACAB9DB0-EB07-4E37-9150-7BCE60130AAB}.2022|Any CPU.ActiveCfg = 2023|x64
		{ACAB9DB0-EB07-4E37-9150-7BCE60130AAB}.2023|Any CPU.ActiveCfg = 2023|x64
		{ACAB9DB0-EB07-4E37-9150-7BCE60130AAB}.2023|Any CPU.Build.0 = 2023|x64
		{ACAB9DB0-EB07-4E37-9150-7BCE60130AAB}.Debug|Any CPU.ActiveCfg = 2023|x64
		{ACAB9DB0-EB07-4E37-9150-7BCE60130AAB}.Debug|Any CPU.Build.0 = 2023|x64
		{ACAB9DB0-EB07-4E37-9150-7BCE60130AAB}.Release|Any CPU.ActiveCfg = Release|x64
		{ACAB9DB0-EB07-4E37-9150-7BCE60130AAB}.Release|Any CPU.Build.0 = Release|x64
		{7B4149E9-4792-489B-8F0C-EE5DB43E83AD}.2021|Any CPU.ActiveCfg = Debug|Any CPU
		{7B4149E9-4792-489B-8F0C-EE5DB43E83AD}.2021|Any CPU.Build.0 = Debug|Any CPU
		{7B4149E9-4792-489B-8F0C-EE5DB43E83AD}.2022|Any CPU.ActiveCfg = Debug|Any CPU
		{7B4149E9-4792-489B-8F0C-EE5DB43E83AD}.2022|Any CPU.Build.0 = Debug|Any CPU
		{7B4149E9-4792-489B-8F0C-EE5DB43E83AD}.2023|Any CPU.ActiveCfg = Debug|Any CPU
		{7B4149E9-4792-489B-8F0C-EE5DB43E83AD}.2023|Any CPU.Build.0 = Debug|Any CPU
		{7B4149E9-4792-489B-8F0C-EE5DB43E83AD}.Debug|Any CPU.ActiveCfg = Debug|Any CPU
		{7B4149E9-4792-489B-8F0C-EE5DB43E83AD}.Debug|Any CPU.Build.0 = Debug|Any CPU
		{7B4149E9-4792-489B-8F0C-EE5DB43E83AD}.Release|Any CPU.ActiveCfg = Release|Any CPU
		{7B4149E9-4792-489B-8F0C-EE5DB43E83AD}.Release|Any CPU.Build.0 = Release|Any CPU
		{8455C2A6-FD57-4F88-AC87-54636448C550}.2021|Any CPU.ActiveCfg = Debug|Any CPU
		{8455C2A6-FD57-4F88-AC87-54636448C550}.2021|Any CPU.Build.0 = Debug|Any CPU
		{8455C2A6-FD57-4F88-AC87-54636448C550}.2022|Any CPU.ActiveCfg = Debug|Any CPU
		{8455C2A6-FD57-4F88-AC87-54636448C550}.2022|Any CPU.Build.0 = Debug|Any CPU
		{8455C2A6-FD57-4F88-AC87-54636448C550}.2023|Any CPU.ActiveCfg = Debug|Any CPU
		{8455C2A6-FD57-4F88-AC87-54636448C550}.2023|Any CPU.Build.0 = Debug|Any CPU
		{8455C2A6-FD57-4F88-AC87-54636448C550}.Debug|Any CPU.ActiveCfg = Debug|Any CPU
		{8455C2A6-FD57-4F88-AC87-54636448C550}.Debug|Any CPU.Build.0 = Debug|Any CPU
		{8455C2A6-FD57-4F88-AC87-54636448C550}.Release|Any CPU.ActiveCfg = Release|Any CPU
		{8455C2A6-FD57-4F88-AC87-54636448C550}.Release|Any CPU.Build.0 = Release|Any CPU
		{A8EA5B4C-A16A-4E33-A02A-0A621730F694}.2021|Any CPU.ActiveCfg = Debug|Any CPU
		{A8EA5B4C-A16A-4E33-A02A-0A621730F694}.2022|Any CPU.ActiveCfg = Debug|Any CPU
		{A8EA5B4C-A16A-4E33-A02A-0A621730F694}.2023|Any CPU.ActiveCfg = Debug|Any CPU
		{A8EA5B4C-A16A-4E33-A02A-0A621730F694}.Debug|Any CPU.ActiveCfg = Debug|Any CPU
		{A8EA5B4C-A16A-4E33-A02A-0A621730F694}.Release|Any CPU.ActiveCfg = Release|Any CPU
	EndGlobalSection
	GlobalSection(SolutionProperties) = preSolution
		HideSolutionNode = FALSE
	EndGlobalSection
	GlobalSection(NestedProjects) = preSolution
		{639903C9-6F17-434E-9FCA-6CA9C1E6DF51} = {39D5EDAF-7D60-4A03-950D-867EA7175706}
		{FEB5512D-8A03-4BC4-8628-6251CFD45EC3} = {39D5EDAF-7D60-4A03-950D-867EA7175706}
		{ACAB9DB0-EB07-4E37-9150-7BCE60130AAB} = {39D5EDAF-7D60-4A03-950D-867EA7175706}
	EndGlobalSection
	GlobalSection(ExtensibilityGlobals) = postSolution
		SolutionGuid = {76C5BF1E-0A8A-4652-B36D-00A09F24B90B}
	EndGlobalSection
	GlobalSection(SharedMSBuildProjectFiles) = preSolution
		RevitTemplateWebShared\RevitTemplateWebShared.projitems*{4f610bf5-201e-4193-b3f5-6424cd53e46c}*SharedItemsImports = 13
		RevitTemplateWebShared\RevitTemplateWebShared.projitems*{639903c9-6f17-434e-9fca-6ca9c1e6df51}*SharedItemsImports = 5
		RevitTemplateWebShared\RevitTemplateWebShared.projitems*{acab9db0-eb07-4e37-9150-7bce60130aab}*SharedItemsImports = 5
		RevitTemplateWebShared\RevitTemplateWebShared.projitems*{feb5512d-8a03-4bc4-8628-6251cfd45ec3}*SharedItemsImports = 5
	EndGlobalSection
EndGlobal
